
Microsoft Visual Studio Solution File, Format Version 12.00
# Visual Studio Version 17
VisualStudioVersion = 17.2.32630.192
MinimumVisualStudioVersion = 10.0.40219.1
Project("{FAE04EC0-301F-11D3-BF4B-00C04F79EFBC}") = "TodoApplication", "TodoApplication\TodoApplication.csproj", "{FC6203D8-99A7-41C2-8D54-88553DBF591C}"
EndProject
Project("{FAE04EC0-301F-11D3-BF4B-00C04F79EFBC}") = "TodoApplication.Models", "TodoApplication.Models\TodoApplication.Models.csproj", "{CCF8E795-9ACF-4E30-BFD8-C66E45AB4548}"
EndProject
Project("{FAE04EC0-301F-11D3-BF4B-00C04F79EFBC}") = "TodoApplication.Services", "TodoApplication.Services\TodoApplication.Services.csproj", "{9B172A8E-6AFA-49F5-8FDB-B11B074BC84D}"
EndProject
Project("{FAE04EC0-301F-11D3-BF4B-00C04F79EFBC}") = "TodoApplication.DataAccess", "TodoApplication.DataAccess\TodoApplication.DataAccess.csproj", "{516D5A83-A652-4D16-AA39-43295544DDA6}"
EndProject
Global
	GlobalSection(SolutionConfigurationPlatforms) = preSolution
		Debug|Any CPU = Debug|Any CPU
		Release|Any CPU = Release|Any CPU
	EndGlobalSection
	GlobalSection(ProjectConfigurationPlatforms) = postSolution
		{FC6203D8-99A7-41C2-8D54-88553DBF591C}.Debug|Any CPU.ActiveCfg = Debug|Any CPU
		{FC6203D8-99A7-41C2-8D54-88553DBF591C}.Debug|Any CPU.Build.0 = Debug|Any CPU
		{FC6203D8-99A7-41C2-8D54-88553DBF591C}.Release|Any CPU.ActiveCfg = Release|Any CPU
		{FC6203D8-99A7-41C2-8D54-88553DBF591C}.Release|Any CPU.Build.0 = Release|Any CPU
		{CCF8E795-9ACF-4E30-BFD8-C66E45AB4548}.Debug|Any CPU.ActiveCfg = Debug|Any CPU
		{CCF8E795-9ACF-4E30-BFD8-C66E45AB4548}.Debug|Any CPU.Build.0 = Debug|Any CPU
		{CCF8E795-9ACF-4E30-BFD8-C66E45AB4548}.Release|Any CPU.ActiveCfg = Release|Any CPU
		{CCF8E795-9ACF-4E30-BFD8-C66E45AB4548}.Release|Any CPU.Build.0 = Release|Any CPU
		{9B172A8E-6AFA-49F5-8FDB-B11B074BC84D}.Debug|Any CPU.ActiveCfg = Debug|Any CPU
		{9B172A8E-6AFA-49F5-8FDB-B11B074BC84D}.Debug|Any CPU.Build.0 = Debug|Any CPU
		{9B172A8E-6AFA-49F5-8FDB-B11B074BC84D}.Release|Any CPU.ActiveCfg = Release|Any CPU
		{9B172A8E-6AFA-49F5-8FDB-B11B074BC84D}.Release|Any CPU.Build.0 = Release|Any CPU
		{516D5A83-A652-4D16-AA39-43295544DDA6}.Debug|Any CPU.ActiveCfg = Debug|Any CPU
		{516D5A83-A652-4D16-AA39-43295544DDA6}.Debug|Any CPU.Build.0 = Debug|Any CPU
		{516D5A83-A652-4D16-AA39-43295544DDA6}.Release|Any CPU.ActiveCfg = Release|Any CPU
		{516D5A83-A652-4D16-AA39-43295544DDA6}.Release|Any CPU.Build.0 = Release|Any CPU
	EndGlobalSection
	GlobalSection(SolutionProperties) = preSolution
		HideSolutionNode = FALSE
	EndGlobalSection
	GlobalSection(ExtensibilityGlobals) = postSolution
		SolutionGuid = {4F56EA50-D7F9-47F4-86DD-31C8D7F22EFF}
	EndGlobalSection
EndGlobal
